
Microsoft Visual Studio Solution File, Format Version 12.00
# Visual Studio Version 17
VisualStudioVersion = 17.11.35222.181
MinimumVisualStudioVersion = 10.0.40219.1
Project("{FAE04EC0-301F-11D3-BF4B-00C04F79EFBC}") = "AtvaltOOP", "AtvaltOOP\AtvaltOOP.csproj", "{D7BC6D3A-1F09-4293-BAE6-FA893238F5D5}"
EndProject
Global
	GlobalSection(SolutionConfigurationPlatforms) = preSolution
		Debug|Any CPU = Debug|Any CPU
		Release|Any CPU = Release|Any CPU
	EndGlobalSection
	GlobalSection(ProjectConfigurationPlatforms) = postSolution
		{D7BC6D3A-1F09-4293-BAE6-FA893238F5D5}.Debug|Any CPU.ActiveCfg = Debug|Any CPU
		{D7BC6D3A-1F09-4293-BAE6-FA893238F5D5}.Debug|Any CPU.Build.0 = Debug|Any CPU
		{D7BC6D3A-1F09-4293-BAE6-FA893238F5D5}.Release|Any CPU.ActiveCfg = Release|Any CPU
		{D7BC6D3A-1F09-4293-BAE6-FA893238F5D5}.Release|Any CPU.Build.0 = Release|Any CPU
	EndGlobalSection
	GlobalSection(SolutionProperties) = preSolution
		HideSolutionNode = FALSE
	EndGlobalSection
	GlobalSection(ExtensibilityGlobals) = postSolution
		SolutionGuid = {0418B637-46F8-47C7-B0C2-09384EA4ECAB}
	EndGlobalSection
EndGlobal
